
Microsoft Visual Studio Solution File, Format Version 12.00
# Visual Studio 15
VisualStudioVersion = 15.0.27703.2026
MinimumVisualStudioVersion = 10.0.40219.1
Project("{FAE04EC0-301F-11D3-BF4B-00C04F79EFBC}") = "arithmetic", "arithmetic\arithmetic.csproj", "{B531DB4B-D128-47F1-9795-D0A0D6415E39}"
EndProject
Global
	GlobalSection(SolutionConfigurationPlatforms) = preSolution
		Debug|Any CPU = Debug|Any CPU
		Release|Any CPU = Release|Any CPU
	EndGlobalSection
	GlobalSection(ProjectConfigurationPlatforms) = postSolution
		{B531DB4B-D128-47F1-9795-D0A0D6415E39}.Debug|Any CPU.ActiveCfg = Debug|Any CPU
		{B531DB4B-D128-47F1-9795-D0A0D6415E39}.Debug|Any CPU.Build.0 = Debug|Any CPU
		{B531DB4B-D128-47F1-9795-D0A0D6415E39}.Release|Any CPU.ActiveCfg = Release|Any CPU
		{B531DB4B-D128-47F1-9795-D0A0D6415E39}.Release|Any CPU.Build.0 = Release|Any CPU
	EndGlobalSection
	GlobalSection(SolutionProperties) = preSolution
		HideSolutionNode = FALSE
	EndGlobalSection
	GlobalSection(ExtensibilityGlobals) = postSolution
		SolutionGuid = {1A2FBBB0-FC00-49A1-9C8D-BC8D50741412}
	EndGlobalSection
EndGlobal
